
Microsoft Visual Studio Solution File, Format Version 12.00
# Visual Studio Version 17
VisualStudioVersion = 17.8.34511.84
MinimumVisualStudioVersion = 10.0.40219.1
Project("{FAE04EC0-301F-11D3-BF4B-00C04F79EFBC}") = "WebForms", "WebForms\WebForms.csproj", "{01CE2D1F-2870-4913-AC43-0B96DB525458}"
EndProject
Global
	GlobalSection(SolutionConfigurationPlatforms) = preSolution
		Debug|Any CPU = Debug|Any CPU
		Release|Any CPU = Release|Any CPU
	EndGlobalSection
	GlobalSection(ProjectConfigurationPlatforms) = postSolution
		{01CE2D1F-2870-4913-AC43-0B96DB525458}.Debug|Any CPU.ActiveCfg = Debug|Any CPU
		{01CE2D1F-2870-4913-AC43-0B96DB525458}.Debug|Any CPU.Build.0 = Debug|Any CPU
		{01CE2D1F-2870-4913-AC43-0B96DB525458}.Release|Any CPU.ActiveCfg = Release|Any CPU
		{01CE2D1F-2870-4913-AC43-0B96DB525458}.Release|Any CPU.Build.0 = Release|Any CPU
	EndGlobalSection
	GlobalSection(SolutionProperties) = preSolution
		HideSolutionNode = FALSE
	EndGlobalSection
	GlobalSection(ExtensibilityGlobals) = postSolution
		SolutionGuid = {22141CD8-12BA-44C7-935D-2999D5E72CA7}
	EndGlobalSection
EndGlobal
